
Microsoft Visual Studio Solution File, Format Version 12.00
# Visual Studio Version 16
VisualStudioVersion = 25.0.1705.4
MinimumVisualStudioVersion = 10.0.40219.1
Project("{FAE04EC0-301F-11D3-BF4B-00C04F79EFBC}") = "Web_Json_to_XML", "Web_Json_to_XML\Web_Json_to_XML.csproj", "{5E8A6775-AEA2-4F91-B87B-5F2EEA3E1E0B}"
EndProject
Global
	GlobalSection(SolutionConfigurationPlatforms) = preSolution
		Debug|Any CPU = Debug|Any CPU
		Release|Any CPU = Release|Any CPU
	EndGlobalSection
	GlobalSection(ProjectConfigurationPlatforms) = postSolution
		{5E8A6775-AEA2-4F91-B87B-5F2EEA3E1E0B}.Debug|Any CPU.ActiveCfg = Debug|Any CPU
		{5E8A6775-AEA2-4F91-B87B-5F2EEA3E1E0B}.Debug|Any CPU.Build.0 = Debug|Any CPU
		{5E8A6775-AEA2-4F91-B87B-5F2EEA3E1E0B}.Release|Any CPU.ActiveCfg = Release|Any CPU
		{5E8A6775-AEA2-4F91-B87B-5F2EEA3E1E0B}.Release|Any CPU.Build.0 = Release|Any CPU
	EndGlobalSection
	GlobalSection(SolutionProperties) = preSolution
		HideSolutionNode = FALSE
	EndGlobalSection
	GlobalSection(ExtensibilityGlobals) = postSolution
		SolutionGuid = {5A1C4E55-AF53-407B-B735-7CB0B4FE2112}
	EndGlobalSection
EndGlobal
